
Microsoft Visual Studio Solution File, Format Version 12.00
Project("{FAE04EC0-301F-11D3-BF4B-00C04F79EFBC}") = "Poseidon.API", "Poseidon.API\Poseidon.API.csproj", "{1B3912DD-5D4E-43D1-B7CD-864E2DC0093A}"
EndProject
Global
	GlobalSection(SolutionConfigurationPlatforms) = preSolution
		Debug|Any CPU = Debug|Any CPU
		Release|Any CPU = Release|Any CPU
	EndGlobalSection
	GlobalSection(ProjectConfigurationPlatforms) = postSolution
		{1B3912DD-5D4E-43D1-B7CD-864E2DC0093A}.Debug|Any CPU.ActiveCfg = Debug|Any CPU
		{1B3912DD-5D4E-43D1-B7CD-864E2DC0093A}.Debug|Any CPU.Build.0 = Debug|Any CPU
		{1B3912DD-5D4E-43D1-B7CD-864E2DC0093A}.Release|Any CPU.ActiveCfg = Release|Any CPU
		{1B3912DD-5D4E-43D1-B7CD-864E2DC0093A}.Release|Any CPU.Build.0 = Release|Any CPU
	EndGlobalSection
EndGlobal
